Microsoft Visual Studio Solution File, Format Version 12.00
# Visual Studio 14
VisualStudioVersion = 14.0.25123.0
MinimumVisualStudioVersion = 10.0.40219.1
Project("{8BC9CEB8-8B4A-11D0-8D11-00A0C91BC942}") = "ms-sys", "src\ms-sys\.msvc\ms-sys.vcxproj", "{2B1D078D-8EB4-4398-9CA4-23457265A7F6}"
EndProject
Project("{8BC9CEB8-8B4A-11D0-8D11-00A0C91BC942}") = "syslinux-libfat", "src\syslinux\libfat\.msvc\libfat.vcxproj", "{8390DCE0-859D-4F57-AD9C-AAEAC4D77EEF}"
EndProject
Project("{8BC9CEB8-8B4A-11D0-8D11-00A0C91BC942}") = "syslinux-libinstaller", "src\syslinux\libinstaller\.msvc\libinstaller.vcxproj", "{266502AC-CD74-4581-B707-938A7D05AD7A}"
EndProject
Project("{8BC9CEB8-8B4A-11D0-8D11-00A0C91BC942}") = "syslinux-win", "src\syslinux\win\.msvc\win.vcxproj", "{7D2E9784-DDF7-4988-A887-CF099BC3B340}"
EndProject
Project("{8BC9CEB8-8B4A-11D0-8D11-00A0C91BC942}") = "libcdio-iso9660", "src\libcdio\iso9660\.msvc\iso9660.vcxproj", "{D4E80F35-2604-40AC-B436-97B052ECB572}"
EndProject
Project("{8BC9CEB8-8B4A-11D0-8D11-00A0C91BC942}") = "libcdio-udf", "src\libcdio\udf\.msvc\udf.vcxproj", "{0CEC40A6-A195-4BE5-A88B-0AB00EB142EC}"
EndProject
Project("{8BC9CEB8-8B4A-11D0-8D11-00A0C91BC942}") = "libcdio-driver", "src\libcdio\driver\.msvc\driver.vcxproj", "{FA1B1093-BA86-410A-B7A0-7A54C605F812}"
EndProject
Project("{8BC9CEB8-8B4A-11D0-8D11-00A0C91BC942}") = "getopt", "src\getopt\.msvc\getopt.vcxproj", "{AE83E1B4-CE06-47EE-B7A3-C3A1D7C2D71E}"
EndProject
Project("{8BC9CEB8-8B4A-11D0-8D11-00A0C91BC942}") = "bled", "src\bled\.msvc\bled.vcxproj", "{FB6D52D4-A2F8-C358-DB85-BBCAECFDDD7D}"
EndProject
Project("{8BC9CEB8-8B4A-11D0-8D11-00A0C91BC942}") = "EndlessUsbTool", "src\endless\EndlessUsbTool.vcxproj", "{E00D20B3-6EBF-4706-BE56-84F510316330}"
	ProjectSection(ProjectDependencies) = postProject
		{D4E80F35-2604-40AC-B436-97B052ECB572} = {D4E80F35-2604-40AC-B436-97B052ECB572}
		{7D2E9784-DDF7-4988-A887-CF099BC3B340} = {7D2E9784-DDF7-4988-A887-CF099BC3B340}
		{2B1D078D-8EB4-4398-9CA4-23457265A7F6} = {2B1D078D-8EB4-4398-9CA4-23457265A7F6}
		{FA1B1093-BA86-410A-B7A0-7A54C605F812} = {FA1B1093-BA86-410A-B7A0-7A54C605F812}
		{0CEC40A6-A195-4BE5-A88B-0AB00EB142EC} = {0CEC40A6-A195-4BE5-A88B-0AB00EB142EC}
		{266502AC-CD74-4581-B707-938A7D05AD7A} = {266502AC-CD74-4581-B707-938A7D05AD7A}
		{AE83E1B4-CE06-47EE-B7A3-C3A1D7C2D71E} = {AE83E1B4-CE06-47EE-B7A3-C3A1D7C2D71E}
		{FB6D52D4-A2F8-C358-DB85-BBCAECFDDD7D} = {FB6D52D4-A2F8-C358-DB85-BBCAECFDDD7D}
		{8390DCE0-859D-4F57-AD9C-AAEAC4D77EEF} = {8390DCE0-859D-4F57-AD9C-AAEAC4D77EEF}
	EndProjectSection
EndProject
Project("{8BC9CEB8-8B4A-11D0-8D11-00A0C91BC942}") = "libtorrent", "src\endless\libtorrent\libtorrent.vcxproj", "{EDA6CE2C-4E88-4B03-A86D-A5C26F47EDB4}"
EndProject
Project("{8BC9CEB8-8B4A-11D0-8D11-00A0C91BC942}") = "boost", "src\endless\boost\boost.vcxproj", "{71BE3AFA-8F74-47BF-B335-88CE637776B4}"
EndProject
Project("{8BC9CEB8-8B4A-11D0-8D11-00A0C91BC942}") = "openssl", "src\endless\openssl-1.0.1t\openssl.vcxproj", "{1779A264-5DCD-4D2A-9F76-A27A347DD35E}"
EndProject
Global
	GlobalSection(SolutionConfigurationPlatforms) = preSolution
		Debug|x64 = Debug|x64
		Debug|x86 = Debug|x86
		Debug|x86_32 = Debug|x86_32
		Debug|x86_64 = Debug|x86_64
		Release|x64 = Release|x64
		Release|x86 = Release|x86
		Release|x86_32 = Release|x86_32
		Release|x86_64 = Release|x86_64
	EndGlobalSection
	GlobalSection(ProjectConfigurationPlatforms) = postSolution
		{2B1D078D-8EB4-4398-9CA4-23457265A7F6}.Debug|x64.ActiveCfg = Debug|x64
		{2B1D078D-8EB4-4398-9CA4-23457265A7F6}.Debug|x64.Build.0 = Debug|x64
		{2B1D078D-8EB4-4398-9CA4-23457265A7F6}.Debug|x86.ActiveCfg = Debug|Win32
		{2B1D078D-8EB4-4398-9CA4-23457265A7F6}.Debug|x86.Build.0 = Debug|Win32
		{2B1D078D-8EB4-4398-9CA4-23457265A7F6}.Debug|x86_32.ActiveCfg = Debug|Win32
		{2B1D078D-8EB4-4398-9CA4-23457265A7F6}.Debug|x86_32.Build.0 = Debug|Win32
		{2B1D078D-8EB4-4398-9CA4-23457265A7F6}.Debug|x86_64.ActiveCfg = Debug|x64
		{2B1D078D-8EB4-4398-9CA4-23457265A7F6}.Debug|x86_64.Build.0 = Debug|x64
		{2B1D078D-8EB4-4398-9CA4-23457265A7F6}.Release|x64.ActiveCfg = Release|x64
		{2B1D078D-8EB4-4398-9CA4-23457265A7F6}.Release|x64.Build.0 = Release|x64
		{2B1D078D-8EB4-4398-9CA4-23457265A7F6}.Release|x86.ActiveCfg = Release|Win32
		{2B1D078D-8EB4-4398-9CA4-23457265A7F6}.Release|x86.Build.0 = Release|Win32
		{2B1D078D-8EB4-4398-9CA4-23457265A7F6}.Release|x86_32.ActiveCfg = Release|Win32
		{2B1D078D-8EB4-4398-9CA4-23457265A7F6}.Release|x86_32.Build.0 = Release|Win32
		{2B1D078D-8EB4-4398-9CA4-23457265A7F6}.Release|x86_64.ActiveCfg = Release|x64
		{2B1D078D-8EB4-4398-9CA4-23457265A7F6}.Release|x86_64.Build.0 = Release|x64
		{8390DCE0-859D-4F57-AD9C-AAEAC4D77EEF}.Debug|x64.ActiveCfg = Debug|x64
		{8390DCE0-859D-4F57-AD9C-AAEAC4D77EEF}.Debug|x64.Build.0 = Debug|x64
		{8390DCE0-859D-4F57-AD9C-AAEAC4D77EEF}.Debug|x86.ActiveCfg = Debug|Win32
		{8390DCE0-859D-4F57-AD9C-AAEAC4D77EEF}.Debug|x86.Build.0 = Debug|Win32
		{8390DCE0-859D-4F57-AD9C-AAEAC4D77EEF}.Debug|x86_32.ActiveCfg = Debug|Win32
		{8390DCE0-859D-4F57-AD9C-AAEAC4D77EEF}.Debug|x86_32.Build.0 = Debug|Win32
		{8390DCE0-859D-4F57-AD9C-AAEAC4D77EEF}.Debug|x86_64.ActiveCfg = Debug|x64
		{8390DCE0-859D-4F57-AD9C-AAEAC4D77EEF}.Debug|x86_64.Build.0 = Debug|x64
		{8390DCE0-859D-4F57-AD9C-AAEAC4D77EEF}.Release|x64.ActiveCfg = Release|x64
		{8390DCE0-859D-4F57-AD9C-AAEAC4D77EEF}.Release|x64.Build.0 = Release|x64
		{8390DCE0-859D-4F57-AD9C-AAEAC4D77EEF}.Release|x86.ActiveCfg = Release|Win32
		{8390DCE0-859D-4F57-AD9C-AAEAC4D77EEF}.Release|x86.Build.0 = Release|Win32
		{8390DCE0-859D-4F57-AD9C-AAEAC4D77EEF}.Release|x86_32.ActiveCfg = Release|Win32
		{8390DCE0-859D-4F57-AD9C-AAEAC4D77EEF}.Release|x86_32.Build.0 = Release|Win32
		{8390DCE0-859D-4F57-AD9C-AAEAC4D77EEF}.Release|x86_64.ActiveCfg = Release|x64
		{8390DCE0-859D-4F57-AD9C-AAEAC4D77EEF}.Release|x86_64.Build.0 = Release|x64
		{266502AC-CD74-4581-B707-938A7D05AD7A}.Debug|x64.ActiveCfg = Debug|x64
		{266502AC-CD74-4581-B707-938A7D05AD7A}.Debug|x64.Build.0 = Debug|x64
		{266502AC-CD74-4581-B707-938A7D05AD7A}.Debug|x86.ActiveCfg = Debug|Win32
		{266502AC-CD74-4581-B707-938A7D05AD7A}.Debug|x86.Build.0 = Debug|Win32
		{266502AC-CD74-4581-B707-938A7D05AD7A}.Debug|x86_32.ActiveCfg = Debug|Win32
		{266502AC-CD74-4581-B707-938A7D05AD7A}.Debug|x86_32.Build.0 = Debug|Win32
		{266502AC-CD74-4581-B707-938A7D05AD7A}.Debug|x86_64.ActiveCfg = Debug|x64
		{266502AC-CD74-4581-B707-938A7D05AD7A}.Debug|x86_64.Build.0 = Debug|x64
		{266502AC-CD74-4581-B707-938A7D05AD7A}.Release|x64.ActiveCfg = Release|x64
		{266502AC-CD74-4581-B707-938A7D05AD7A}.Release|x64.Build.0 = Release|x64
		{266502AC-CD74-4581-B707-938A7D05AD7A}.Release|x86.ActiveCfg = Release|Win32
		{266502AC-CD74-4581-B707-938A7D05AD7A}.Release|x86.Build.0 = Release|Win32
		{266502AC-CD74-4581-B707-938A7D05AD7A}.Release|x86_32.ActiveCfg = Release|Win32
		{266502AC-CD74-4581-B707-938A7D05AD7A}.Release|x86_32.Build.0 = Release|Win32
		{266502AC-CD74-4581-B707-938A7D05AD7A}.Release|x86_64.ActiveCfg = Release|x64
		{266502AC-CD74-4581-B707-938A7D05AD7A}.Release|x86_64.Build.0 = Release|x64
		{7D2E9784-DDF7-4988-A887-CF099BC3B340}.Debug|x64.ActiveCfg = Debug|x64
		{7D2E9784-DDF7-4988-A887-CF099BC3B340}.Debug|x64.Build.0 = Debug|x64
		{7D2E9784-DDF7-4988-A887-CF099BC3B340}.Debug|x86.ActiveCfg = Debug|Win32
		{7D2E9784-DDF7-4988-A887-CF099BC3B340}.Debug|x86.Build.0 = Debug|Win32
		{7D2E9784-DDF7-4988-A887-CF099BC3B340}.Debug|x86_32.ActiveCfg = Debug|Win32
		{7D2E9784-DDF7-4988-A887-CF099BC3B340}.Debug|x86_32.Build.0 = Debug|Win32
		{7D2E9784-DDF7-4988-A887-CF099BC3B340}.Debug|x86_64.ActiveCfg = Debug|x64
		{7D2E9784-DDF7-4988-A887-CF099BC3B340}.Debug|x86_64.Build.0 = Debug|x64
		{7D2E9784-DDF7-4988-A887-CF099BC3B340}.Release|x64.ActiveCfg = Release|x64
		{7D2E9784-DDF7-4988-A887-CF099BC3B340}.Release|x64.Build.0 = Release|x64
		{7D2E9784-DDF7-4988-A887-CF099BC3B340}.Release|x86.ActiveCfg = Release|Win32
		{7D2E9784-DDF7-4988-A887-CF099BC3B340}.Release|x86.Build.0 = Release|Win32
		{7D2E9784-DDF7-4988-A887-CF099BC3B340}.Release|x86_32.ActiveCfg = Release|Win32
		{7D2E9784-DDF7-4988-A887-CF099BC3B340}.Release|x86_32.Build.0 = Release|Win32
		{7D2E9784-DDF7-4988-A887-CF099BC3B340}.Release|x86_64.ActiveCfg = Release|x64
		{7D2E9784-DDF7-4988-A887-CF099BC3B340}.Release|x86_64.Build.0 = Release|x64
		{D4E80F35-2604-40AC-B436-97B052ECB572}.Debug|x64.ActiveCfg = Debug|x64
		{D4E80F35-2604-40AC-B436-97B052ECB572}.Debug|x64.Build.0 = Debug|x64
		{D4E80F35-2604-40AC-B436-97B052ECB572}.Debug|x86.ActiveCfg = Debug|Win32
		{D4E80F35-2604-40AC-B436-97B052ECB572}.Debug|x86.Build.0 = Debug|Win32
		{D4E80F35-2604-40AC-B436-97B052ECB572}.Debug|x86_32.ActiveCfg = Debug|Win32
		{D4E80F35-2604-40AC-B436-97B052ECB572}.Debug|x86_32.Build.0 = Debug|Win32
		{D4E80F35-2604-40AC-B436-97B052ECB572}.Debug|x86_64.ActiveCfg = Debug|x64
		{D4E80F35-2604-40AC-B436-97B052ECB572}.Debug|x86_64.Build.0 = Debug|x64
		{D4E80F35-2604-40AC-B436-97B052ECB572}.Release|x64.ActiveCfg = Release|x64
		{D4E80F35-2604-40AC-B436-97B052ECB572}.Release|x64.Build.0 = Release|x64
		{D4E80F35-2604-40AC-B436-97B052ECB572}.Release|x86.ActiveCfg = Release|Win32
		{D4E80F35-2604-40AC-B436-97B052ECB572}.Release|x86.Build.0 = Release|Win32
		{D4E80F35-2604-40AC-B436-97B052ECB572}.Release|x86_32.ActiveCfg = Release|Win32
		{D4E80F35-2604-40AC-B436-97B052ECB572}.Release|x86_32.Build.0 = Release|Win32
		{D4E80F35-2604-40AC-B436-97B052ECB572}.Release|x86_64.ActiveCfg = Release|x64
		{D4E80F35-2604-40AC-B436-97B052ECB572}.Release|x86_64.Build.0 = Release|x64
		{0CEC40A6-A195-4BE5-A88B-0AB00EB142EC}.Debug|x64.ActiveCfg = Debug|x64
		{0CEC40A6-A195-4BE5-A88B-0AB00EB142EC}.Debug|x64.Build.0 = Debug|x64
		{0CEC40A6-A195-4BE5-A88B-0AB00EB142EC}.Debug|x86.ActiveCfg = Debug|Win32
		{0CEC40A6-A195-4BE5-A88B-0AB00EB142EC}.Debug|x86.Build.0 = Debug|Win32
		{0CEC40A6-A195-4BE5-A88B-0AB00EB142EC}.Debug|x86_32.ActiveCfg = Debug|Win32
		{0CEC40A6-A195-4BE5-A88B-0AB00EB142EC}.Debug|x86_32.Build.0 = Debug|Win32
		{0CEC40A6-A195-4BE5-A88B-0AB00EB142EC}.Debug|x86_64.ActiveCfg = Debug|x64
		{0CEC40A6-A195-4BE5-A88B-0AB00EB142EC}.Debug|x86_64.Build.0 = Debug|x64
		{0CEC40A6-A195-4BE5-A88B-0AB00EB142EC}.Release|x64.ActiveCfg = Release|x64
		{0CEC40A6-A195-4BE5-A88B-0AB00EB142EC}.Release|x64.Build.0 = Release|x64
		{0CEC40A6-A195-4BE5-A88B-0AB00EB142EC}.Release|x86.ActiveCfg = Release|Win32
		{0CEC40A6-A195-4BE5-A88B-0AB00EB142EC}.Release|x86.Build.0 = Release|Win32
		{0CEC40A6-A195-4BE5-A88B-0AB00EB142EC}.Release|x86_32.ActiveCfg = Release|Win32
		{0CEC40A6-A195-4BE5-A88B-0AB00EB142EC}.Release|x86_32.Build.0 = Release|Win32
		{0CEC40A6-A195-4BE5-A88B-0AB00EB142EC}.Release|x86_64.ActiveCfg = Release|x64
		{0CEC40A6-A195-4BE5-A88B-0AB00EB142EC}.Release|x86_64.Build.0 = Release|x64
		{FA1B1093-BA86-410A-B7A0-7A54C605F812}.Debug|x64.ActiveCfg = Debug|x64
		{FA1B1093-BA86-410A-B7A0-7A54C605F812}.Debug|x64.Build.0 = Debug|x64
		{FA1B1093-BA86-410A-B7A0-7A54C605F812}.Debug|x86.ActiveCfg = Debug|Win32
		{FA1B1093-BA86-410A-B7A0-7A54C605F812}.Debug|x86.Build.0 = Debug|Win32
		{FA1B1093-BA86-410A-B7A0-7A54C605F812}.Debug|x86_32.ActiveCfg = Debug|Win32
		{FA1B1093-BA86-410A-B7A0-7A54C605F812}.Debug|x86_32.Build.0 = Debug|Win32
		{FA1B1093-BA86-410A-B7A0-7A54C605F812}.Debug|x86_64.ActiveCfg = Debug|x64
		{FA1B1093-BA86-410A-B7A0-7A54C605F812}.Debug|x86_64.Build.0 = Debug|x64
		{FA1B1093-BA86-410A-B7A0-7A54C605F812}.Release|x64.ActiveCfg = Release|x64
		{FA1B1093-BA86-410A-B7A0-7A54C605F812}.Release|x64.Build.0 = Release|x64
		{FA1B1093-BA86-410A-B7A0-7A54C605F812}.Release|x86.ActiveCfg = Release|Win32
		{FA1B1093-BA86-410A-B7A0-7A54C605F812}.Release|x86.Build.0 = Release|Win32
		{FA1B1093-BA86-410A-B7A0-7A54C605F812}.Release|x86_32.ActiveCfg = Release|Win32
		{FA1B1093-BA86-410A-B7A0-7A54C605F812}.Release|x86_32.Build.0 = Release|Win32
		{FA1B1093-BA86-410A-B7A0-7A54C605F812}.Release|x86_64.ActiveCfg = Release|x64
		{FA1B1093-BA86-410A-B7A0-7A54C605F812}.Release|x86_64.Build.0 = Release|x64
		{AE83E1B4-CE06-47EE-B7A3-C3A1D7C2D71E}.Debug|x64.ActiveCfg = Debug|x64
		{AE83E1B4-CE06-47EE-B7A3-C3A1D7C2D71E}.Debug|x64.Build.0 = Debug|x64
		{AE83E1B4-CE06-47EE-B7A3-C3A1D7C2D71E}.Debug|x86.ActiveCfg = Debug|Win32
		{AE83E1B4-CE06-47EE-B7A3-C3A1D7C2D71E}.Debug|x86.Build.0 = Debug|Win32
		{AE83E1B4-CE06-47EE-B7A3-C3A1D7C2D71E}.Debug|x86_32.ActiveCfg = Debug|Win32
		{AE83E1B4-CE06-47EE-B7A3-C3A1D7C2D71E}.Debug|x86_32.Build.0 = Debug|Win32
		{AE83E1B4-CE06-47EE-B7A3-C3A1D7C2D71E}.Debug|x86_64.ActiveCfg = Debug|x64
		{AE83E1B4-CE06-47EE-B7A3-C3A1D7C2D71E}.Debug|x86_64.Build.0 = Debug|x64
		{AE83E1B4-CE06-47EE-B7A3-C3A1D7C2D71E}.Release|x64.ActiveCfg = Release|x64
		{AE83E1B4-CE06-47EE-B7A3-C3A1D7C2D71E}.Release|x64.Build.0 = Release|x64
		{AE83E1B4-CE06-47EE-B7A3-C3A1D7C2D71E}.Release|x86.ActiveCfg = Release|Win32
		{AE83E1B4-CE06-47EE-B7A3-C3A1D7C2D71E}.Release|x86.Build.0 = Release|Win32
		{AE83E1B4-CE06-47EE-B7A3-C3A1D7C2D71E}.Release|x86_32.ActiveCfg = Release|Win32
		{AE83E1B4-CE06-47EE-B7A3-C3A1D7C2D71E}.Release|x86_32.Build.0 = Release|Win32
		{AE83E1B4-CE06-47EE-B7A3-C3A1D7C2D71E}.Release|x86_64.ActiveCfg = Release|x64
		{AE83E1B4-CE06-47EE-B7A3-C3A1D7C2D71E}.Release|x86_64.Build.0 = Release|x64
		{FB6D52D4-A2F8-C358-DB85-BBCAECFDDD7D}.Debug|x64.ActiveCfg = Debug|x64
		{FB6D52D4-A2F8-C358-DB85-BBCAECFDDD7D}.Debug|x64.Build.0 = Debug|x64
		{FB6D52D4-A2F8-C358-DB85-BBCAECFDDD7D}.Debug|x86.ActiveCfg = Debug|Win32
		{FB6D52D4-A2F8-C358-DB85-BBCAECFDDD7D}.Debug|x86.Build.0 = Debug|Win32
		{FB6D52D4-A2F8-C358-DB85-BBCAECFDDD7D}.Debug|x86_32.ActiveCfg = Debug|Win32
		{FB6D52D4-A2F8-C358-DB85-BBCAECFDDD7D}.Debug|x86_32.Build.0 = Debug|Win32
		{FB6D52D4-A2F8-C358-DB85-BBCAECFDDD7D}.Debug|x86_64.ActiveCfg = Debug|x64
		{FB6D52D4-A2F8-C358-DB85-BBCAECFDDD7D}.Debug|x86_64.Build.0 = Debug|x64
		{FB6D52D4-A2F8-C358-DB85-BBCAECFDDD7D}.Release|x64.ActiveCfg = Release|x64
		{FB6D52D4-A2F8-C358-DB85-BBCAECFDDD7D}.Release|x64.Build.0 = Release|x64
		{FB6D52D4-A2F8-C358-DB85-BBCAECFDDD7D}.Release|x86.ActiveCfg = Release|Win32
		{FB6D52D4-A2F8-C358-DB85-BBCAECFDDD7D}.Release|x86.Build.0 = Release|Win32
		{FB6D52D4-A2F8-C358-DB85-BBCAECFDDD7D}.Release|x86_32.ActiveCfg = Release|Win32
		{FB6D52D4-A2F8-C358-DB85-BBCAECFDDD7D}.Release|x86_32.Build.0 = Release|Win32
		{FB6D52D4-A2F8-C358-DB85-BBCAECFDDD7D}.Release|x86_64.ActiveCfg = Release|x64
		{FB6D52D4-A2F8-C358-DB85-BBCAECFDDD7D}.Release|x86_64.Build.0 = Release|x64
		{E00D20B3-6EBF-4706-BE56-84F510316330}.Debug|x64.ActiveCfg = Debug|x64
		{E00D20B3-6EBF-4706-BE56-84F510316330}.Debug|x64.Build.0 = Debug|x64
		{E00D20B3-6EBF-4706-BE56-84F510316330}.Debug|x86.ActiveCfg = Debug|Win32
		{E00D20B3-6EBF-4706-BE56-84F510316330}.Debug|x86.Build.0 = Debug|Win32
		{E00D20B3-6EBF-4706-BE56-84F510316330}.Debug|x86_32.ActiveCfg = Debug|Win32
		{E00D20B3-6EBF-4706-BE56-84F510316330}.Debug|x86_32.Build.0 = Debug|Win32
		{E00D20B3-6EBF-4706-BE56-84F510316330}.Debug|x86_64.ActiveCfg = Debug|x64
		{E00D20B3-6EBF-4706-BE56-84F510316330}.Debug|x86_64.Build.0 = Debug|x64
		{E00D20B3-6EBF-4706-BE56-84F510316330}.Release|x64.ActiveCfg = Release|x64
		{E00D20B3-6EBF-4706-BE56-84F510316330}.Release|x64.Build.0 = Release|x64
		{E00D20B3-6EBF-4706-BE56-84F510316330}.Release|x86.ActiveCfg = Release|Win32
		{E00D20B3-6EBF-4706-BE56-84F510316330}.Release|x86.Build.0 = Release|Win32
		{E00D20B3-6EBF-4706-BE56-84F510316330}.Release|x86_32.ActiveCfg = Release|Win32
		{E00D20B3-6EBF-4706-BE56-84F510316330}.Release|x86_64.ActiveCfg = Release|Win32
		{EDA6CE2C-4E88-4B03-A86D-A5C26F47EDB4}.Debug|x64.ActiveCfg = Debug|x64
		{EDA6CE2C-4E88-4B03-A86D-A5C26F47EDB4}.Debug|x64.Build.0 = Debug|x64
		{EDA6CE2C-4E88-4B03-A86D-A5C26F47EDB4}.Debug|x86.ActiveCfg = Debug|Win32
		{EDA6CE2C-4E88-4B03-A86D-A5C26F47EDB4}.Debug|x86.Build.0 = Debug|Win32
		{EDA6CE2C-4E88-4B03-A86D-A5C26F47EDB4}.Debug|x86_32.ActiveCfg = Debug|Win32
		{EDA6CE2C-4E88-4B03-A86D-A5C26F47EDB4}.Debug|x86_64.ActiveCfg = Debug|Win32
		{EDA6CE2C-4E88-4B03-A86D-A5C26F47EDB4}.Release|x64.ActiveCfg = Release|x64
		{EDA6CE2C-4E88-4B03-A86D-A5C26F47EDB4}.Release|x64.Build.0 = Release|x64
		{EDA6CE2C-4E88-4B03-A86D-A5C26F47EDB4}.Release|x86.ActiveCfg = Release|Win32
		{EDA6CE2C-4E88-4B03-A86D-A5C26F47EDB4}.Release|x86.Build.0 = Release|Win32
		{EDA6CE2C-4E88-4B03-A86D-A5C26F47EDB4}.Release|x86_32.ActiveCfg = Release|Win32
		{EDA6CE2C-4E88-4B03-A86D-A5C26F47EDB4}.Release|x86_64.ActiveCfg = Release|Win32
		{71BE3AFA-8F74-47BF-B335-88CE637776B4}.Debug|x64.ActiveCfg = Debug|x64
		{71BE3AFA-8F74-47BF-B335-88CE637776B4}.Debug|x64.Build.0 = Debug|x64
		{71BE3AFA-8F74-47BF-B335-88CE637776B4}.Debug|x86.ActiveCfg = Debug|Win32
		{71BE3AFA-8F74-47BF-B335-88CE637776B4}.Debug|x86.Build.0 = Debug|Win32
		{71BE3AFA-8F74-47BF-B335-88CE637776B4}.Debug|x86_32.ActiveCfg = Debug|Win32
		{71BE3AFA-8F74-47BF-B335-88CE637776B4}.Debug|x86_64.ActiveCfg = Debug|Win32
		{71BE3AFA-8F74-47BF-B335-88CE637776B4}.Release|x64.ActiveCfg = Release|x64
		{71BE3AFA-8F74-47BF-B335-88CE637776B4}.Release|x64.Build.0 = Release|x64
		{71BE3AFA-8F74-47BF-B335-88CE637776B4}.Release|x86.ActiveCfg = Release|Win32
		{71BE3AFA-8F74-47BF-B335-88CE637776B4}.Release|x86.Build.0 = Release|Win32
		{71BE3AFA-8F74-47BF-B335-88CE637776B4}.Release|x86_32.ActiveCfg = Release|Win32
		{71BE3AFA-8F74-47BF-B335-88CE637776B4}.Release|x86_64.ActiveCfg = Release|Win32
		{1779A264-5DCD-4D2A-9F76-A27A347DD35E}.Debug|x64.ActiveCfg = Debug|x64
		{1779A264-5DCD-4D2A-9F76-A27A347DD35E}.Debug|x64.Build.0 = Debug|x64
		{1779A264-5DCD-4D2A-9F76-A27A347DD35E}.Debug|x86.ActiveCfg = Debug|Win32
		{1779A264-5DCD-4D2A-9F76-A27A347DD35E}.Debug|x86.Build.0 = Debug|Win32
		{1779A264-5DCD-4D2A-9F76-A27A347DD35E}.Debug|x86_32.ActiveCfg = Debug|Win32
		{1779A264-5DCD-4D2A-9F76-A27A347DD35E}.Debug|x86_64.ActiveCfg = Debug|Win32
		{1779A264-5DCD-4D2A-9F76-A27A347DD35E}.Release|x64.ActiveCfg = Release|x64
		{1779A264-5DCD-4D2A-9F76-A27A347DD35E}.Release|x64.Build.0 = Release|x64
		{1779A264-5DCD-4D2A-9F76-A27A347DD35E}.Release|x86.ActiveCfg = Release|Win32
		{1779A264-5DCD-4D2A-9F76-A27A347DD35E}.Release|x86.Build.0 = Release|Win32
		{1779A264-5DCD-4D2A-9F76-A27A347DD35E}.Release|x86_32.ActiveCfg = Release|Win32
		{1779A264-5DCD-4D2A-9F76-A27A347DD35E}.Release|x86_64.ActiveCfg = Release|Win32
	EndGlobalSection
	GlobalSection(SolutionProperties) = preSolution
		HideSolutionNode = FALSE
	EndGlobalSection
EndGlobal
